
Microsoft Visual Studio Solution File, Format Version 12.00
# Visual Studio Version 17
VisualStudioVersion = 17.13.35806.99
MinimumVisualStudioVersion = 10.0.40219.1
Project("{2150E333-8FDC-42A3-9474-1A3956D46DE8}") = "Services", "Services", "{02EA681E-C7D8-13C7-8484-4AC65E1B71E8}"
EndProject
Project("{2150E333-8FDC-42A3-9474-1A3956D46DE8}") = "Catalog", "Catalog", "{A3FD164A-DDCD-4992-9ADF-7D58E081A943}"
EndProject
Project("{FAE04EC0-301F-11D3-BF4B-00C04F79EFBC}") = "Catalog.API", "Services\Catalog\Catalog.API\Catalog.API.csproj", "{54142D7B-35B6-46F3-A27B-6C3E095205D5}"
EndProject
Global
	GlobalSection(SolutionConfigurationPlatforms) = preSolution
		Debug|Any CPU = Debug|Any CPU
		Release|Any CPU = Release|Any CPU
	EndGlobalSection
	GlobalSection(ProjectConfigurationPlatforms) = postSolution
		{54142D7B-35B6-46F3-A27B-6C3E095205D5}.Debug|Any CPU.ActiveCfg = Debug|Any CPU
		{54142D7B-35B6-46F3-A27B-6C3E095205D5}.Debug|Any CPU.Build.0 = Debug|Any CPU
		{54142D7B-35B6-46F3-A27B-6C3E095205D5}.Release|Any CPU.ActiveCfg = Release|Any CPU
		{54142D7B-35B6-46F3-A27B-6C3E095205D5}.Release|Any CPU.Build.0 = Release|Any CPU
	EndGlobalSection
	GlobalSection(SolutionProperties) = preSolution
		HideSolutionNode = FALSE
	EndGlobalSection
	GlobalSection(NestedProjects) = preSolution
		{A3FD164A-DDCD-4992-9ADF-7D58E081A943} = {02EA681E-C7D8-13C7-8484-4AC65E1B71E8}
		{54142D7B-35B6-46F3-A27B-6C3E095205D5} = {A3FD164A-DDCD-4992-9ADF-7D58E081A943}
	EndGlobalSection
	GlobalSection(ExtensibilityGlobals) = postSolution
		SolutionGuid = {02863688-D39F-4186-9ED0-0AFCB8B402DA}
	EndGlobalSection
EndGlobal
